PODS:
  - SwiftOrderedDictionary (1.0.0)

DEPENDENCIES:
  - SwiftOrderedDictionary (from `.`)

EXTERNAL SOURCES:
  SwiftOrderedDictionary:
    :path: "."

SPEC CHECKSUMS:
  SwiftOrderedDictionary: 18a54dfc6c8f593f44220f13676f6a167668969f

PODFILE CHECKSUM: 4373a30890f32cfbd58dac8801bc0c6319ac495c

COCOAPODS: 1.8.4
