// !$*UTF8*$!
{
	archiveVersion = 1;
	classes = {
	};
	objectVersion = 51;
	objects = {

/* Begin PBXBuildFile section */
		C1786C064D869DAA9832629A /* Pods_Tests.framework in Frameworks */ = {isa = PBXBuildFile; fileRef = 7DF758EB4759DAD4B35500AD /* Pods_Tests.framework */; };
		E16F767F240AFC35006C5FC8 /* orderedDict.swift in Sources */ = {isa = PBXBuildFile; fileRef = E16F767D240AFC35006C5FC8 /* orderedDict.swift */; };
		E16F7687240AFF90006C5FC8 /* main.swift in Sources */ = {isa = PBXBuildFile; fileRef = E16F7686240AFF90006C5FC8 /* main.swift */; };
		E16F7692240AFFA4006C5FC8 /* Tests.swift in Sources */ = {isa = PBXBuildFile; fileRef = E16F7691240AFFA4006C5FC8 /* Tests.swift */; };
		E16F76A3240B410A006C5FC8 /* SwiftOrderedDictionary.h in Headers */ = {isa = PBXBuildFile; fileRef = E16F76A1240B410A006C5FC8 /* SwiftOrderedDictionary.h */; settings = {ATTRIBUTES = (Public, ); }; };
		E16F76A7240B4146006C5FC8 /* orderedDict.swift in Sources */ = {isa = PBXBuildFile; fileRef = E16F767D240AFC35006C5FC8 /* orderedDict.swift */; };
		E2511923C2E3A98ABBF4CA4E /* Pods_Example.framework in Frameworks */ = {isa = PBXBuildFile; fileRef = 6FA390E00D0CFE12A9359B4B /* Pods_Example.framework */; };
/* End PBXBuildFile section */

/* Begin PBXContainerItemProxy section */
		E16F7695240AFFA4006C5FC8 /* PBXContainerItemProxy */ = {
			isa = PBXContainerItemProxy;
			containerPortal = E16F7657240AFAFC006C5FC8 /* Project object */;
			proxyType = 1;
			remoteGlobalIDString = E16F765F240AFAFC006C5FC8;
			remoteInfo = OrderedDictionaryFramework;
		};
/* End PBXContainerItemProxy section */

/* Begin PBXCopyFilesBuildPhase section */
		E16F7682240AFF90006C5FC8 /* CopyFiles */ = {
			isa = PBXCopyFilesBuildPhase;
			buildActionMask = 2147483647;
			dstPath = /usr/share/man/man1/;
			dstSubfolderSpec = 0;
			files = (
			);
			runOnlyForDeploymentPostprocessing = 1;
		};
/* End PBXCopyFilesBuildPhase section */

/* Begin PBXFileReference section */
		6FA390E00D0CFE12A9359B4B /* Pods_Example.framework */ = {isa = PBXFileReference; explicitFileType = wrapper.framework; includeInIndex = 0; path = Pods_Example.framework; sourceTree = BUILT_PRODUCTS_DIR; };
		7DF758EB4759DAD4B35500AD /* Pods_Tests.framework */ = {isa = PBXFileReference; explicitFileType = wrapper.framework; includeInIndex = 0; path = Pods_Tests.framework; sourceTree = BUILT_PRODUCTS_DIR; };
		8AA982806A9719602C8B60A5 /* Pods-Example.debug.xcconfig */ = {isa = PBXFileReference; includeInIndex = 1; lastKnownFileType = text.xcconfig; name = "Pods-Example.debug.xcconfig"; path = "Target Support Files/Pods-Example/Pods-Example.debug.xcconfig"; sourceTree = "<group>"; };
		A666FE1AFB4FF5EFC489C043 /* Pods-Example.release.xcconfig */ = {isa = PBXFileReference; includeInIndex = 1; lastKnownFileType = text.xcconfig; name = "Pods-Example.release.xcconfig"; path = "Target Support Files/Pods-Example/Pods-Example.release.xcconfig"; sourceTree = "<group>"; };
		A9E97A2CA565D0238CB06376 /* Pods-Tests.release.xcconfig */ = {isa = PBXFileReference; includeInIndex = 1; lastKnownFileType = text.xcconfig; name = "Pods-Tests.release.xcconfig"; path = "Target Support Files/Pods-Tests/Pods-Tests.release.xcconfig"; sourceTree = "<group>"; };
		C25FB9198FBD9C6464F309E4 /* Pods-Tests.debug.xcconfig */ = {isa = PBXFileReference; includeInIndex = 1; lastKnownFileType = text.xcconfig; name = "Pods-Tests.debug.xcconfig"; path = "Target Support Files/Pods-Tests/Pods-Tests.debug.xcconfig"; sourceTree = "<group>"; };
		E16F7660240AFAFC006C5FC8 /* OrderedDictionary.framework */ = {isa = PBXFileReference; explicitFileType = wrapper.framework; includeInIndex = 0; path = OrderedDictionary.framework; sourceTree = BUILT_PRODUCTS_DIR; };
		E16F7671240AFC23006C5FC8 /* SwiftOrderedDictionary.podspec */ = {isa = PBXFileReference; fileEncoding = 4; lastKnownFileType = text; path = SwiftOrderedDictionary.podspec; sourceTree = "<group>"; xcLanguageSpecificationIdentifier = xcode.lang.ruby; };
		E16F7672240AFC23006C5FC8 /* Podfile */ = {isa = PBXFileReference; fileEncoding = 4; lastKnownFileType = text; path = Podfile; sourceTree = "<group>"; xcLanguageSpecificationIdentifier = xcode.lang.ruby; };
		E16F7674240AFC23006C5FC8 /* LICENSE */ = {isa = PBXFileReference; fileEncoding = 4; lastKnownFileType = text; path = LICENSE; sourceTree = "<group>"; };
		E16F7675240AFC23006C5FC8 /* README.md */ = {isa = PBXFileReference; fileEncoding = 4; lastKnownFileType = net.daringfireball.markdown; path = README.md; sourceTree = "<group>"; };
		E16F767C240AFC35006C5FC8 /* .gitkeep */ = {isa = PBXFileReference; fileEncoding = 4; lastKnownFileType = text; path = .gitkeep; sourceTree = "<group>"; };
		E16F767D240AFC35006C5FC8 /* orderedDict.swift */ = {isa = PBXFileReference; fileEncoding = 4; lastKnownFileType = sourcecode.swift; path = orderedDict.swift; sourceTree = "<group>"; };
		E16F7684240AFF90006C5FC8 /* Example */ = {isa = PBXFileReference; explicitFileType = "compiled.mach-o.executable"; includeInIndex = 0; path = Example; sourceTree = BUILT_PRODUCTS_DIR; };
		E16F7686240AFF90006C5FC8 /* main.swift */ = {isa = PBXFileReference; lastKnownFileType = sourcecode.swift; path = main.swift; sourceTree = "<group>"; };
		E16F768F240AFFA4006C5FC8 /* Tests.xctest */ = {isa = PBXFileReference; explicitFileType = wrapper.cfbundle; includeInIndex = 0; path = Tests.xctest; sourceTree = BUILT_PRODUCTS_DIR; };
		E16F7691240AFFA4006C5FC8 /* Tests.swift */ = {isa = PBXFileReference; lastKnownFileType = sourcecode.swift; path = Tests.swift; sourceTree = "<group>"; };
		E16F7693240AFFA4006C5FC8 /* Info.plist */ = {isa = PBXFileReference; lastKnownFileType = text.plist.xml; path = Info.plist; sourceTree = "<group>"; };
		E16F769F240B410A006C5FC8 /* SwiftOrderedDictionary.framework */ = {isa = PBXFileReference; explicitFileType = wrapper.framework; includeInIndex = 0; path = SwiftOrderedDictionary.framework; sourceTree = BUILT_PRODUCTS_DIR; };
		E16F76A1240B410A006C5FC8 /* SwiftOrderedDictionary.h */ = {isa = PBXFileReference; lastKnownFileType = sourcecode.c.h; path = SwiftOrderedDictionary.h; sourceTree = "<group>"; };
		E16F76A2240B410A006C5FC8 /* Info.plist */ = {isa = PBXFileReference; lastKnownFileType = text.plist.xml; path = Info.plist; sourceTree = "<group>"; };
/* End PBXFileReference section */

/* Begin PBXFrameworksBuildPhase section */
		E16F765D240AFAFC006C5FC8 /* Frameworks */ = {
			isa = PBXFrameworksBuildPhase;
			buildActionMask = 2147483647;
			files = (
			);
			runOnlyForDeploymentPostprocessing = 0;
		};
		E16F7681240AFF90006C5FC8 /* Frameworks */ = {
			isa = PBXFrameworksBuildPhase;
			buildActionMask = 2147483647;
			files = (
				E2511923C2E3A98ABBF4CA4E /* Pods_Example.framework in Frameworks */,
			);
			runOnlyForDeploymentPostprocessing = 0;
		};
		E16F768C240AFFA4006C5FC8 /* Frameworks */ = {
			isa = PBXFrameworksBuildPhase;
			buildActionMask = 2147483647;
			files = (
				C1786C064D869DAA9832629A /* Pods_Tests.framework in Frameworks */,
			);
			runOnlyForDeploymentPostprocessing = 0;
		};
		E16F769C240B410A006C5FC8 /* Frameworks */ = {
			isa = PBXFrameworksBuildPhase;
			buildActionMask = 2147483647;
			files = (
			);
			runOnlyForDeploymentPostprocessing = 0;
		};
/* End PBXFrameworksBuildPhase section */

/* Begin PBXGroup section */
		106BED611820B8700A3DCA22 /* Frameworks */ = {
			isa = PBXGroup;
			children = (
				6FA390E00D0CFE12A9359B4B /* Pods_Example.framework */,
				7DF758EB4759DAD4B35500AD /* Pods_Tests.framework */,
			);
			name = Frameworks;
			sourceTree = "<group>";
		};
		1D00D2573FA50AB6532BDE2A /* Pods */ = {
			isa = PBXGroup;
			children = (
				8AA982806A9719602C8B60A5 /* Pods-Example.debug.xcconfig */,
				A666FE1AFB4FF5EFC489C043 /* Pods-Example.release.xcconfig */,
				C25FB9198FBD9C6464F309E4 /* Pods-Tests.debug.xcconfig */,
				A9E97A2CA565D0238CB06376 /* Pods-Tests.release.xcconfig */,
			);
			path = Pods;
			sourceTree = "<group>";
		};
		E16F7656240AFAFC006C5FC8 = {
			isa = PBXGroup;
			children = (
				E16F767B240AFC35006C5FC8 /* src */,
				E16F7674240AFC23006C5FC8 /* LICENSE */,
				E16F7671240AFC23006C5FC8 /* SwiftOrderedDictionary.podspec */,
				E16F7672240AFC23006C5FC8 /* Podfile */,
				E16F7675240AFC23006C5FC8 /* README.md */,
				E16F7685240AFF90006C5FC8 /* Example */,
				E16F7690240AFFA4006C5FC8 /* Tests */,
				E16F76A0240B410A006C5FC8 /* SwiftOrderedDictionary */,
				E16F7661240AFAFC006C5FC8 /* Products */,
				1D00D2573FA50AB6532BDE2A /* Pods */,
				106BED611820B8700A3DCA22 /* Frameworks */,
			);
			sourceTree = "<group>";
		};
		E16F7661240AFAFC006C5FC8 /* Products */ = {
			isa = PBXGroup;
			children = (
				E16F7660240AFAFC006C5FC8 /* OrderedDictionary.framework */,
				E16F7684240AFF90006C5FC8 /* Example */,
				E16F768F240AFFA4006C5FC8 /* Tests.xctest */,
				E16F769F240B410A006C5FC8 /* SwiftOrderedDictionary.framework */,
			);
			name = Products;
			sourceTree = "<group>";
		};
		E16F767B240AFC35006C5FC8 /* src */ = {
			isa = PBXGroup;
			children = (
				E16F767C240AFC35006C5FC8 /* .gitkeep */,
				E16F767D240AFC35006C5FC8 /* orderedDict.swift */,
			);
			path = src;
			sourceTree = "<group>";
		};
		E16F7685240AFF90006C5FC8 /* Example */ = {
			isa = PBXGroup;
			children = (
				E16F7686240AFF90006C5FC8 /* main.swift */,
			);
			path = Example;
			sourceTree = "<group>";
		};
		E16F7690240AFFA4006C5FC8 /* Tests */ = {
			isa = PBXGroup;
			children = (
				E16F7691240AFFA4006C5FC8 /* Tests.swift */,
				E16F7693240AFFA4006C5FC8 /* Info.plist */,
			);
			path = Tests;
			sourceTree = "<group>";
		};
		E16F76A0240B410A006C5FC8 /* SwiftOrderedDictionary */ = {
			isa = PBXGroup;
			children = (
				E16F76A1240B410A006C5FC8 /* SwiftOrderedDictionary.h */,
				E16F76A2240B410A006C5FC8 /* Info.plist */,
			);
			path = SwiftOrderedDictionary;
			sourceTree = "<group>";
		};
/* End PBXGroup section */

/* Begin PBXHeadersBuildPhase section */
		E16F765B240AFAFC006C5FC8 /* Headers */ = {
			isa = PBXHeadersBuildPhase;
			buildActionMask = 2147483647;
			files = (
			);
			runOnlyForDeploymentPostprocessing = 0;
		};
		E16F769A240B410A006C5FC8 /* Headers */ = {
			isa = PBXHeadersBuildPhase;
			buildActionMask = 2147483647;
			files = (
				E16F76A3240B410A006C5FC8 /* SwiftOrderedDictionary.h in Headers */,
			);
			runOnlyForDeploymentPostprocessing = 0;
		};
/* End PBXHeadersBuildPhase section */

/* Begin PBXNativeTarget section */
		E16F765F240AFAFC006C5FC8 /* OrderedDictionary */ = {
			isa = PBXNativeTarget;
			buildConfigurationList = E16F7668240AFAFC006C5FC8 /* Build configuration list for PBXNativeTarget "OrderedDictionary" */;
			buildPhases = (
				E16F765B240AFAFC006C5FC8 /* Headers */,
				E16F765C240AFAFC006C5FC8 /* Sources */,
				E16F765D240AFAFC006C5FC8 /* Frameworks */,
				E16F765E240AFAFC006C5FC8 /* Resources */,
			);
			buildRules = (
			);
			dependencies = (
			);
			name = OrderedDictionary;
			productName = OrderedDictionaryFramework;
			productReference = E16F7660240AFAFC006C5FC8 /* OrderedDictionary.framework */;
			productType = "com.apple.product-type.framework";
		};
		E16F7683240AFF90006C5FC8 /* Example */ = {
			isa = PBXNativeTarget;
			buildConfigurationList = E16F7688240AFF90006C5FC8 /* Build configuration list for PBXNativeTarget "Example" */;
			buildPhases = (
				DE8E6E301598DF50DD83CA83 /* [CP] Check Pods Manifest.lock */,
				E16F7680240AFF90006C5FC8 /* Sources */,
				E16F7681240AFF90006C5FC8 /* Frameworks */,
				E16F7682240AFF90006C5FC8 /* CopyFiles */,
			);
			buildRules = (
			);
			dependencies = (
			);
			name = Example;
			productName = Example;
			productReference = E16F7684240AFF90006C5FC8 /* Example */;
			productType = "com.apple.product-type.tool";
		};
		E16F768E240AFFA4006C5FC8 /* Tests */ = {
			isa = PBXNativeTarget;
			buildConfigurationList = E16F7697240AFFA4006C5FC8 /* Build configuration list for PBXNativeTarget "Tests" */;
			buildPhases = (
				3E37660C60C86E14549D7436 /* [CP] Check Pods Manifest.lock */,
				E16F768B240AFFA4006C5FC8 /* Sources */,
				E16F768C240AFFA4006C5FC8 /* Frameworks */,
				E16F768D240AFFA4006C5FC8 /* Resources */,
				66C7D65CDB3479EA60A54AE3 /* [CP] Embed Pods Frameworks */,
			);
			buildRules = (
			);
			dependencies = (
				E16F7696240AFFA4006C5FC8 /* PBXTargetDependency */,
			);
			name = Tests;
			productName = Tests;
			productReference = E16F768F240AFFA4006C5FC8 /* Tests.xctest */;
			productType = "com.apple.product-type.bundle.unit-test";
		};
		E16F769E240B410A006C5FC8 /* SwiftOrderedDictionary */ = {
			isa = PBXNativeTarget;
			buildConfigurationList = E16F76A4240B410A006C5FC8 /* Build configuration list for PBXNativeTarget "SwiftOrderedDictionary" */;
			buildPhases = (
				E16F769A240B410A006C5FC8 /* Headers */,
				E16F769B240B410A006C5FC8 /* Sources */,
				E16F769C240B410A006C5FC8 /* Frameworks */,
				E16F769D240B410A006C5FC8 /* Resources */,
			);
			buildRules = (
			);
			dependencies = (
			);
			name = SwiftOrderedDictionary;
			productName = SwiftOrderedDictionary;
			productReference = E16F769F240B410A006C5FC8 /* SwiftOrderedDictionary.framework */;
			productType = "com.apple.product-type.framework";
		};
/* End PBXNativeTarget section */

/* Begin PBXProject section */
		E16F7657240AFAFC006C5FC8 /* Project object */ = {
			isa = PBXProject;
			attributes = {
				LastSwiftUpdateCheck = 1130;
				LastUpgradeCheck = 1130;
				ORGANIZATIONNAME = "JP Embedded Solutions";
				TargetAttributes = {
					E16F765F240AFAFC006C5FC8 = {
						CreatedOnToolsVersion = 11.3.1;
					};
					E16F7683240AFF90006C5FC8 = {
						CreatedOnToolsVersion = 11.3.1;
					};
					E16F768E240AFFA4006C5FC8 = {
						CreatedOnToolsVersion = 11.3.1;
					};
					E16F769E240B410A006C5FC8 = {
						CreatedOnToolsVersion = 11.3.1;
					};
				};
			};
			buildConfigurationList = E16F765A240AFAFC006C5FC8 /* Build configuration list for PBXProject "OrderedDictionary" */;
			compatibilityVersion = "Xcode 9.3";
			developmentRegion = en;
			hasScannedForEncodings = 0;
			knownRegions = (
				en,
				Base,
			);
			mainGroup = E16F7656240AFAFC006C5FC8;
			productRefGroup = E16F7661240AFAFC006C5FC8 /* Products */;
			projectDirPath = "";
			projectRoot = "";
			targets = (
				E16F765F240AFAFC006C5FC8 /* OrderedDictionary */,
				E16F7683240AFF90006C5FC8 /* Example */,
				E16F768E240AFFA4006C5FC8 /* Tests */,
				E16F769E240B410A006C5FC8 /* SwiftOrderedDictionary */,
			);
		};
/* End PBXProject section */

/* Begin PBXResourcesBuildPhase section */
		E16F765E240AFAFC006C5FC8 /* Resources */ = {
			isa = PBXResourcesBuildPhase;
			buildActionMask = 2147483647;
			files = (
			);
			runOnlyForDeploymentPostprocessing = 0;
		};
		E16F768D240AFFA4006C5FC8 /* Resources */ = {
			isa = PBXResourcesBuildPhase;
			buildActionMask = 2147483647;
			files = (
			);
			runOnlyForDeploymentPostprocessing = 0;
		};
		E16F769D240B410A006C5FC8 /* Resources */ = {
			isa = PBXResourcesBuildPhase;
			buildActionMask = 2147483647;
			files = (
			);
			runOnlyForDeploymentPostprocessing = 0;
		};
/* End PBXResourcesBuildPhase section */

/* Begin PBXShellScriptBuildPhase section */
		3E37660C60C86E14549D7436 /* [CP] Check Pods Manifest.lock */ = {
			isa = PBXShellScriptBuildPhase;
			buildActionMask = 2147483647;
			files = (
			);
			inputFileListPaths = (
			);
			inputPaths = (
				"${PODS_PODFILE_DIR_PATH}/Podfile.lock",
				"${PODS_ROOT}/Manifest.lock",
			);
			name = "[CP] Check Pods Manifest.lock";
			outputFileListPaths = (
			);
			outputPaths = (
				"$(DERIVED_FILE_DIR)/Pods-Tests-checkManifestLockResult.txt",
			);
			runOnlyForDeploymentPostprocessing = 0;
			shellPath = /bin/sh;
			shellScript = "diff \"${PODS_PODFILE_DIR_PATH}/Podfile.lock\" \"${PODS_ROOT}/Manifest.lock\" > /dev/null\nif [ $? != 0 ] ; then\n    # print error to STDERR\n    echo \"error: The sandbox is not in sync with the Podfile.lock. Run 'pod install' or update your CocoaPods installation.\" >&2\n    exit 1\nfi\n# This output is used by Xcode 'outputs' to avoid re-running this script phase.\necho \"SUCCESS\" > \"${SCRIPT_OUTPUT_FILE_0}\"\n";
			showEnvVarsInLog = 0;
		};
		66C7D65CDB3479EA60A54AE3 /* [CP] Embed Pods Frameworks */ = {
			isa = PBXShellScriptBuildPhase;
			buildActionMask = 2147483647;
			files = (
			);
			inputFileListPaths = (
				"${PODS_ROOT}/Target Support Files/Pods-Tests/Pods-Tests-frameworks-${CONFIGURATION}-input-files.xcfilelist",
			);
			name = "[CP] Embed Pods Frameworks";
			outputFileListPaths = (
				"${PODS_ROOT}/Target Support Files/Pods-Tests/Pods-Tests-frameworks-${CONFIGURATION}-output-files.xcfilelist",
			);
			runOnlyForDeploymentPostprocessing = 0;
			shellPath = /bin/sh;
			shellScript = "\"${PODS_ROOT}/Target Support Files/Pods-Tests/Pods-Tests-frameworks.sh\"\n";
			showEnvVarsInLog = 0;
		};
		DE8E6E301598DF50DD83CA83 /* [CP] Check Pods Manifest.lock */ = {
			isa = PBXShellScriptBuildPhase;
			buildActionMask = 2147483647;
			files = (
			);
			inputFileListPaths = (
			);
			inputPaths = (
				"${PODS_PODFILE_DIR_PATH}/Podfile.lock",
				"${PODS_ROOT}/Manifest.lock",
			);
			name = "[CP] Check Pods Manifest.lock";
			outputFileListPaths = (
			);
			outputPaths = (
				"$(DERIVED_FILE_DIR)/Pods-Example-checkManifestLockResult.txt",
			);
			runOnlyForDeploymentPostprocessing = 0;
			shellPath = /bin/sh;
			shellScript = "diff \"${PODS_PODFILE_DIR_PATH}/Podfile.lock\" \"${PODS_ROOT}/Manifest.lock\" > /dev/null\nif [ $? != 0 ] ; then\n    # print error to STDERR\n    echo \"error: The sandbox is not in sync with the Podfile.lock. Run 'pod install' or update your CocoaPods installation.\" >&2\n    exit 1\nfi\n# This output is used by Xcode 'outputs' to avoid re-running this script phase.\necho \"SUCCESS\" > \"${SCRIPT_OUTPUT_FILE_0}\"\n";
			showEnvVarsInLog = 0;
		};
/* End PBXShellScriptBuildPhase section */

/* Begin PBXSourcesBuildPhase section */
		E16F765C240AFAFC006C5FC8 /* Sources */ = {
			isa = PBXSourcesBuildPhase;
			buildActionMask = 2147483647;
			files = (
				E16F767F240AFC35006C5FC8 /* orderedDict.swift in Sources */,
			);
			runOnlyForDeploymentPostprocessing = 0;
		};
		E16F7680240AFF90006C5FC8 /* Sources */ = {
			isa = PBXSourcesBuildPhase;
			buildActionMask = 2147483647;
			files = (
				E16F7687240AFF90006C5FC8 /* main.swift in Sources */,
			);
			runOnlyForDeploymentPostprocessing = 0;
		};
		E16F768B240AFFA4006C5FC8 /* Sources */ = {
			isa = PBXSourcesBuildPhase;
			buildActionMask = 2147483647;
			files = (
				E16F7692240AFFA4006C5FC8 /* Tests.swift in Sources */,
			);
			runOnlyForDeploymentPostprocessing = 0;
		};
		E16F769B240B410A006C5FC8 /* Sources */ = {
			isa = PBXSourcesBuildPhase;
			buildActionMask = 2147483647;
			files = (
				E16F76A7240B4146006C5FC8 /* orderedDict.swift in Sources */,
			);
			runOnlyForDeploymentPostprocessing = 0;
		};
/* End PBXSourcesBuildPhase section */

/* Begin PBXTargetDependency section */
		E16F7696240AFFA4006C5FC8 /* PBXTargetDependency */ = {
			isa = PBXTargetDependency;
			target = E16F765F240AFAFC006C5FC8 /* OrderedDictionary */;
			targetProxy = E16F7695240AFFA4006C5FC8 /* PBXContainerItemProxy */;
		};
/* End PBXTargetDependency section */

/* Begin XCBuildConfiguration section */
		E16F7666240AFAFC006C5FC8 /* Debug */ = {
			isa = XCBuildConfiguration;
			buildSettings = {
				ALWAYS_SEARCH_USER_PATHS = NO;
				CLANG_ANALYZER_NONNULL = YES;
				CLANG_ANALYZER_NUMBER_OBJECT_CONVERSION = YES_AGGRESSIVE;
				CLANG_CXX_LANGUAGE_STANDARD = "gnu++14";
				CLANG_CXX_LIBRARY = "libc++";
				CLANG_ENABLE_MODULES = YES;
				CLANG_ENABLE_OBJC_ARC = YES;
				CLANG_ENABLE_OBJC_WEAK = YES;
				CLANG_WARN_BLOCK_CAPTURE_AUTORELEASING = YES;
				CLANG_WARN_BOOL_CONVERSION = YES;
				CLANG_WARN_COMMA = YES;
				CLANG_WARN_CONSTANT_CONVERSION = YES;
				CLANG_WARN_DEPRECATED_OBJC_IMPLEMENTATIONS = YES;
				CLANG_WARN_DIRECT_OBJC_ISA_USAGE = YES_ERROR;
				CLANG_WARN_DOCUMENTATION_COMMENTS = YES;
				CLANG_WARN_EMPTY_BODY = YES;
				CLANG_WARN_ENUM_CONVERSION = YES;
				CLANG_WARN_INFINITE_RECURSION = YES;
				CLANG_WARN_INT_CONVERSION = YES;
				CLANG_WARN_NON_LITERAL_NULL_CONVERSION = YES;
				CLANG_WARN_OBJC_IMPLICIT_RETAIN_SELF = YES;
				CLANG_WARN_OBJC_LITERAL_CONVERSION = YES;
				CLANG_WARN_OBJC_ROOT_CLASS = YES_ERROR;
				CLANG_WARN_RANGE_LOOP_ANALYSIS = YES;
				CLANG_WARN_STRICT_PROTOTYPES = YES;
				CLANG_WARN_SUSPICIOUS_MOVE = YES;
				CLANG_WARN_UNGUARDED_AVAILABILITY = YES_AGGRESSIVE;
				CLANG_WARN_UNREACHABLE_CODE = YES;
				CLANG_WARN__DUPLICATE_METHOD_MATCH = YES;
				COPY_PHASE_STRIP = NO;
				CURRENT_PROJECT_VERSION = 1;
				DEBUG_INFORMATION_FORMAT = dwarf;
				ENABLE_STRICT_OBJC_MSGSEND = YES;
				ENABLE_TESTABILITY = YES;
				GCC_C_LANGUAGE_STANDARD = gnu11;
				GCC_DYNAMIC_NO_PIC = NO;
				GCC_NO_COMMON_BLOCKS = YES;
				GCC_OPTIMIZATION_LEVEL = 0;
				GCC_PREPROCESSOR_DEFINITIONS = (
					"DEBUG=1",
					"$(inherited)",
				);
				GCC_WARN_64_TO_32_BIT_CONVERSION = YES;
				GCC_WARN_ABOUT_RETURN_TYPE = YES_ERROR;
				GCC_WARN_UNDECLARED_SELECTOR = YES;
				GCC_WARN_UNINITIALIZED_AUTOS = YES_AGGRESSIVE;
				GCC_WARN_UNUSED_FUNCTION = YES;
				GCC_WARN_UNUSED_VARIABLE = YES;
				MACOSX_DEPLOYMENT_TARGET = 10.15;
				MTL_ENABLE_DEBUG_INFO = INCLUDE_SOURCE;
				MTL_FAST_MATH = YES;
				ONLY_ACTIVE_ARCH = YES;
				SDKROOT = macosx;
				SWIFT_ACTIVE_COMPILATION_CONDITIONS = DEBUG;
				SWIFT_OPTIMIZATION_LEVEL = "-Onone";
				VERSIONING_SYSTEM = "apple-generic";
				VERSION_INFO_PREFIX = "";
			};
			name = Debug;
		};
		E16F7667240AFAFC006C5FC8 /* Release */ = {
			isa = XCBuildConfiguration;
			buildSettings = {
				ALWAYS_SEARCH_USER_PATHS = NO;
				CLANG_ANALYZER_NONNULL = YES;
				CLANG_ANALYZER_NUMBER_OBJECT_CONVERSION = YES_AGGRESSIVE;
				CLANG_CXX_LANGUAGE_STANDARD = "gnu++14";
				CLANG_CXX_LIBRARY = "libc++";
				CLANG_ENABLE_MODULES = YES;
				CLANG_ENABLE_OBJC_ARC = YES;
				CLANG_ENABLE_OBJC_WEAK = YES;
				CLANG_WARN_BLOCK_CAPTURE_AUTORELEASING = YES;
				CLANG_WARN_BOOL_CONVERSION = YES;
				CLANG_WARN_COMMA = YES;
				CLANG_WARN_CONSTANT_CONVERSION = YES;
				CLANG_WARN_DEPRECATED_OBJC_IMPLEMENTATIONS = YES;
				CLANG_WARN_DIRECT_OBJC_ISA_USAGE = YES_ERROR;
				CLANG_WARN_DOCUMENTATION_COMMENTS = YES;
				CLANG_WARN_EMPTY_BODY = YES;
				CLANG_WARN_ENUM_CONVERSION = YES;
				CLANG_WARN_INFINITE_RECURSION = YES;
				CLANG_WARN_INT_CONVERSION = YES;
				CLANG_WARN_NON_LITERAL_NULL_CONVERSION = YES;
				CLANG_WARN_OBJC_IMPLICIT_RETAIN_SELF = YES;
				CLANG_WARN_OBJC_LITERAL_CONVERSION = YES;
				CLANG_WARN_OBJC_ROOT_CLASS = YES_ERROR;
				CLANG_WARN_RANGE_LOOP_ANALYSIS = YES;
				CLANG_WARN_STRICT_PROTOTYPES = YES;
				CLANG_WARN_SUSPICIOUS_MOVE = YES;
				CLANG_WARN_UNGUARDED_AVAILABILITY = YES_AGGRESSIVE;
				CLANG_WARN_UNREACHABLE_CODE = YES;
				CLANG_WARN__DUPLICATE_METHOD_MATCH = YES;
				COPY_PHASE_STRIP = NO;
				CURRENT_PROJECT_VERSION = 1;
				DEBUG_INFORMATION_FORMAT = "dwarf-with-dsym";
				ENABLE_NS_ASSERTIONS = NO;
				ENABLE_STRICT_OBJC_MSGSEND = YES;
				GCC_C_LANGUAGE_STANDARD = gnu11;
				GCC_NO_COMMON_BLOCKS = YES;
				GCC_WARN_64_TO_32_BIT_CONVERSION = YES;
				GCC_WARN_ABOUT_RETURN_TYPE = YES_ERROR;
				GCC_WARN_UNDECLARED_SELECTOR = YES;
				GCC_WARN_UNINITIALIZED_AUTOS = YES_AGGRESSIVE;
				GCC_WARN_UNUSED_FUNCTION = YES;
				GCC_WARN_UNUSED_VARIABLE = YES;
				MACOSX_DEPLOYMENT_TARGET = 10.15;
				MTL_ENABLE_DEBUG_INFO = NO;
				MTL_FAST_MATH = YES;
				SDKROOT = macosx;
				SWIFT_COMPILATION_MODE = wholemodule;
				SWIFT_OPTIMIZATION_LEVEL = "-O";
				VERSIONING_SYSTEM = "apple-generic";
				VERSION_INFO_PREFIX = "";
			};
			name = Release;
		};
		E16F7669240AFAFC006C5FC8 /* Debug */ = {
			isa = XCBuildConfiguration;
			buildSettings = {
				CODE_SIGN_STYLE = Automatic;
				COMBINE_HIDPI_IMAGES = YES;
				DEFINES_MODULE = YES;
				DEVELOPMENT_TEAM = XLKATCU397;
				DYLIB_COMPATIBILITY_VERSION = 1;
				DYLIB_CURRENT_VERSION = 1;
				DYLIB_INSTALL_NAME_BASE = "@rpath";
				INFOPLIST_FILE = "$(SRCROOT)/SwiftOrderedDictionary/Info.plist";
				INSTALL_PATH = "$(LOCAL_LIBRARY_DIR)/Frameworks";
				LD_RUNPATH_SEARCH_PATHS = (
					"$(inherited)",
					"@executable_path/../Frameworks",
					"@loader_path/Frameworks",
				);
				PRODUCT_BUNDLE_IDENTIFIER = org.porternet.OrderedDictionaryFramework;
				PRODUCT_NAME = "$(TARGET_NAME:c99extidentifier)";
				SKIP_INSTALL = YES;
				SWIFT_VERSION = 5.0;
			};
			name = Debug;
		};
		E16F766A240AFAFC006C5FC8 /* Release */ = {
			isa = XCBuildConfiguration;
			buildSettings = {
				CODE_SIGN_STYLE = Automatic;
				COMBINE_HIDPI_IMAGES = YES;
				DEFINES_MODULE = YES;
				DEVELOPMENT_TEAM = XLKATCU397;
				DYLIB_COMPATIBILITY_VERSION = 1;
				DYLIB_CURRENT_VERSION = 1;
				DYLIB_INSTALL_NAME_BASE = "@rpath";
				INFOPLIST_FILE = "$(SRCROOT)/SwiftOrderedDictionary/Info.plist";
				INSTALL_PATH = "$(LOCAL_LIBRARY_DIR)/Frameworks";
				LD_RUNPATH_SEARCH_PATHS = (
					"$(inherited)",
					"@executable_path/../Frameworks",
					"@loader_path/Frameworks",
				);
				PRODUCT_BUNDLE_IDENTIFIER = org.porternet.OrderedDictionaryFramework;
				PRODUCT_NAME = "$(TARGET_NAME:c99extidentifier)";
				SKIP_INSTALL = YES;
				SWIFT_VERSION = 5.0;
			};
			name = Release;
		};
		E16F7689240AFF90006C5FC8 /* Debug */ = {
			isa = XCBuildConfiguration;
			baseConfigurationReference = 8AA982806A9719602C8B60A5 /* Pods-Example.debug.xcconfig */;
			buildSettings = {
				CODE_SIGN_STYLE = Automatic;
				DEVELOPMENT_TEAM = XLKATCU397;
				ENABLE_HARDENED_RUNTIME = YES;
				PRODUCT_NAME = "$(TARGET_NAME)";
				SWIFT_VERSION = 5.0;
			};
			name = Debug;
		};
		E16F768A240AFF90006C5FC8 /* Release */ = {
			isa = XCBuildConfiguration;
			baseConfigurationReference = A666FE1AFB4FF5EFC489C043 /* Pods-Example.release.xcconfig */;
			buildSettings = {
				CODE_SIGN_STYLE = Automatic;
				DEVELOPMENT_TEAM = XLKATCU397;
				ENABLE_HARDENED_RUNTIME = YES;
				PRODUCT_NAME = "$(TARGET_NAME)";
				SWIFT_VERSION = 5.0;
			};
			name = Release;
		};
		E16F7698240AFFA4006C5FC8 /* Debug */ = {
			isa = XCBuildConfiguration;
			baseConfigurationReference = C25FB9198FBD9C6464F309E4 /* Pods-Tests.debug.xcconfig */;
			buildSettings = {
				CODE_SIGN_STYLE = Automatic;
				COMBINE_HIDPI_IMAGES = YES;
				DEVELOPMENT_TEAM = XLKATCU397;
				INFOPLIST_FILE = Tests/Info.plist;
				LD_RUNPATH_SEARCH_PATHS = (
					"$(inherited)",
					"@executable_path/../Frameworks",
					"@loader_path/../Frameworks",
				);
				PRODUCT_BUNDLE_IDENTIFIER = org.porternet.Tests;
				PRODUCT_NAME = "$(TARGET_NAME)";
				SWIFT_VERSION = 5.0;
			};
			name = Debug;
		};
		E16F7699240AFFA4006C5FC8 /* Release */ = {
			isa = XCBuildConfiguration;
			baseConfigurationReference = A9E97A2CA565D0238CB06376 /* Pods-Tests.release.xcconfig */;
			buildSettings = {
				CODE_SIGN_STYLE = Automatic;
				COMBINE_HIDPI_IMAGES = YES;
				DEVELOPMENT_TEAM = XLKATCU397;
				INFOPLIST_FILE = Tests/Info.plist;
				LD_RUNPATH_SEARCH_PATHS = (
					"$(inherited)",
					"@executable_path/../Frameworks",
					"@loader_path/../Frameworks",
				);
				PRODUCT_BUNDLE_IDENTIFIER = org.porternet.Tests;
				PRODUCT_NAME = "$(TARGET_NAME)";
				SWIFT_VERSION = 5.0;
			};
			name = Release;
		};
		E16F76A5240B410A006C5FC8 /* Debug */ = {
			isa = XCBuildConfiguration;
			buildSettings = {
				CODE_SIGN_STYLE = Automatic;
				COMBINE_HIDPI_IMAGES = YES;
				DEFINES_MODULE = YES;
				DEVELOPMENT_TEAM = XLKATCU397;
				DYLIB_COMPATIBILITY_VERSION = 1;
				DYLIB_CURRENT_VERSION = 1;
				DYLIB_INSTALL_NAME_BASE = "@rpath";
				INFOPLIST_FILE = SwiftOrderedDictionary/Info.plist;
				INSTALL_PATH = "$(LOCAL_LIBRARY_DIR)/Frameworks";
				LD_RUNPATH_SEARCH_PATHS = (
					"$(inherited)",
					"@executable_path/../Frameworks",
					"@loader_path/Frameworks",
				);
				PRODUCT_BUNDLE_IDENTIFIER = org.porternet.SwiftOrderedDictionary;
				PRODUCT_NAME = "$(TARGET_NAME:c99extidentifier)";
				SKIP_INSTALL = YES;
				SWIFT_VERSION = 5.0;
			};
			name = Debug;
		};
		E16F76A6240B410A006C5FC8 /* Release */ = {
			isa = XCBuildConfiguration;
			buildSettings = {
				CODE_SIGN_STYLE = Automatic;
				COMBINE_HIDPI_IMAGES = YES;
				DEFINES_MODULE = YES;
				DEVELOPMENT_TEAM = XLKATCU397;
				DYLIB_COMPATIBILITY_VERSION = 1;
				DYLIB_CURRENT_VERSION = 1;
				DYLIB_INSTALL_NAME_BASE = "@rpath";
				INFOPLIST_FILE = SwiftOrderedDictionary/Info.plist;
				INSTALL_PATH = "$(LOCAL_LIBRARY_DIR)/Frameworks";
				LD_RUNPATH_SEARCH_PATHS = (
					"$(inherited)",
					"@executable_path/../Frameworks",
					"@loader_path/Frameworks",
				);
				PRODUCT_BUNDLE_IDENTIFIER = org.porternet.SwiftOrderedDictionary;
				PRODUCT_NAME = "$(TARGET_NAME:c99extidentifier)";
				SKIP_INSTALL = YES;
				SWIFT_VERSION = 5.0;
			};
			name = Release;
		};
/* End XCBuildConfiguration section */

/* Begin XCConfigurationList section */
		E16F765A240AFAFC006C5FC8 /* Build configuration list for PBXProject "OrderedDictionary" */ = {
			isa = XCConfigurationList;
			buildConfigurations = (
				E16F7666240AFAFC006C5FC8 /* Debug */,
				E16F7667240AFAFC006C5FC8 /* Release */,
			);
			defaultConfigurationIsVisible = 0;
			defaultConfigurationName = Release;
		};
		E16F7668240AFAFC006C5FC8 /* Build configuration list for PBXNativeTarget "OrderedDictionary" */ = {
			isa = XCConfigurationList;
			buildConfigurations = (
				E16F7669240AFAFC006C5FC8 /* Debug */,
				E16F766A240AFAFC006C5FC8 /* Release */,
			);
			defaultConfigurationIsVisible = 0;
			defaultConfigurationName = Release;
		};
		E16F7688240AFF90006C5FC8 /* Build configuration list for PBXNativeTarget "Example" */ = {
			isa = XCConfigurationList;
			buildConfigurations = (
				E16F7689240AFF90006C5FC8 /* Debug */,
				E16F768A240AFF90006C5FC8 /* Release */,
			);
			defaultConfigurationIsVisible = 0;
			defaultConfigurationName = Release;
		};
		E16F7697240AFFA4006C5FC8 /* Build configuration list for PBXNativeTarget "Tests" */ = {
			isa = XCConfigurationList;
			buildConfigurations = (
				E16F7698240AFFA4006C5FC8 /* Debug */,
				E16F7699240AFFA4006C5FC8 /* Release */,
			);
			defaultConfigurationIsVisible = 0;
			defaultConfigurationName = Release;
		};
		E16F76A4240B410A006C5FC8 /* Build configuration list for PBXNativeTarget "SwiftOrderedDictionary" */ = {
			isa = XCConfigurationList;
			buildConfigurations = (
				E16F76A5240B410A006C5FC8 /* Debug */,
				E16F76A6240B410A006C5FC8 /* Release */,
			);
			defaultConfigurationIsVisible = 0;
			defaultConfigurationName = Release;
		};
/* End XCConfigurationList section */
	};
	rootObject = E16F7657240AFAFC006C5FC8 /* Project object */;
}
